
Microsoft Visual Studio Solution File, Format Version 12.00
# Visual Studio Version 16
VisualStudioVersion = 16.0.809.10
MinimumVisualStudioVersion = 10.0.40219.1
Project("{FAE04EC0-301F-11D3-BF4B-00C04F79EFBC}") = "Unite.Specimens.Feed.Web", "Unite.Specimens.Feed.Web\Unite.Specimens.Feed.Web.csproj", "{9E85C90F-01F2-41DA-BC14-35FE6CB153F7}"
EndProject
Project("{FAE04EC0-301F-11D3-BF4B-00C04F79EFBC}") = "Unite.Specimens.Feed", "Unite.Specimens.Feed\Unite.Specimens.Feed.csproj", "{534375D7-A7EC-4065-881C-84AD1267B7DD}"
EndProject
Project("{FAE04EC0-301F-11D3-BF4B-00C04F79EFBC}") = "Unite.Specimens.Indices", "Unite.Specimens.Indices\Unite.Specimens.Indices.csproj", "{8DFAFAF0-3EB9-4403-BCC2-8CF3ADB9134C}"
EndProject
Global
	GlobalSection(SolutionConfigurationPlatforms) = preSolution
		Debug|Any CPU = Debug|Any CPU
		Release|Any CPU = Release|Any CPU
	EndGlobalSection
	GlobalSection(ProjectConfigurationPlatforms) = postSolution
		{9E85C90F-01F2-41DA-BC14-35FE6CB153F7}.Debug|Any CPU.ActiveCfg = Debug|Any CPU
		{9E85C90F-01F2-41DA-BC14-35FE6CB153F7}.Debug|Any CPU.Build.0 = Debug|Any CPU
		{9E85C90F-01F2-41DA-BC14-35FE6CB153F7}.Release|Any CPU.ActiveCfg = Release|Any CPU
		{9E85C90F-01F2-41DA-BC14-35FE6CB153F7}.Release|Any CPU.Build.0 = Release|Any CPU
		{534375D7-A7EC-4065-881C-84AD1267B7DD}.Debug|Any CPU.ActiveCfg = Debug|Any CPU
		{534375D7-A7EC-4065-881C-84AD1267B7DD}.Debug|Any CPU.Build.0 = Debug|Any CPU
		{534375D7-A7EC-4065-881C-84AD1267B7DD}.Release|Any CPU.ActiveCfg = Release|Any CPU
		{534375D7-A7EC-4065-881C-84AD1267B7DD}.Release|Any CPU.Build.0 = Release|Any CPU
		{8DFAFAF0-3EB9-4403-BCC2-8CF3ADB9134C}.Debug|Any CPU.ActiveCfg = Debug|Any CPU
		{8DFAFAF0-3EB9-4403-BCC2-8CF3ADB9134C}.Debug|Any CPU.Build.0 = Debug|Any CPU
		{8DFAFAF0-3EB9-4403-BCC2-8CF3ADB9134C}.Release|Any CPU.ActiveCfg = Release|Any CPU
		{8DFAFAF0-3EB9-4403-BCC2-8CF3ADB9134C}.Release|Any CPU.Build.0 = Release|Any CPU
	EndGlobalSection
	GlobalSection(SolutionProperties) = preSolution
		HideSolutionNode = FALSE
	EndGlobalSection
	GlobalSection(ExtensibilityGlobals) = postSolution
		SolutionGuid = {714A1491-7427-4D5F-99F6-BDAEA742BDA7}
	EndGlobalSection
EndGlobal
